
Microsoft Visual Studio Solution File, Format Version 12.00
# Visual Studio Version 17
VisualStudioVersion = 17.4.33110.190
MinimumVisualStudioVersion = 10.0.40219.1
Project("{9A19103F-16F7-4668-BE54-9A1E7A4F7556}") = "ArknightsResources.Utility", "src\ArknightsResources.Utility.csproj", "{ED4C23EA-CDB6-4594-AD1E-73631F3C6183}"
EndProject
Global
	GlobalSection(SolutionConfigurationPlatforms) = preSolution
		Debug|Any CPU = Debug|Any CPU
		Release|Any CPU = Release|Any CPU
	EndGlobalSection
	GlobalSection(ProjectConfigurationPlatforms) = postSolution
		{ED4C23EA-CDB6-4594-AD1E-73631F3C6183}.Debug|Any CPU.ActiveCfg = Debug|Any CPU
		{ED4C23EA-CDB6-4594-AD1E-73631F3C6183}.Debug|Any CPU.Build.0 = Debug|Any CPU
		{ED4C23EA-CDB6-4594-AD1E-73631F3C6183}.Release|Any CPU.ActiveCfg = Release|Any CPU
		{ED4C23EA-CDB6-4594-AD1E-73631F3C6183}.Release|Any CPU.Build.0 = Release|Any CPU
	EndGlobalSection
	GlobalSection(SolutionProperties) = preSolution
		HideSolutionNode = FALSE
	EndGlobalSection
	GlobalSection(ExtensibilityGlobals) = postSolution
		SolutionGuid = {BF6D6E62-B09A-43CA-8FB5-3DD0F5F2A113}
	EndGlobalSection
EndGlobal
